<Solution>
  <Project Path="AutoOrganize.Library/AutoOrganize.Library.csproj" />
  <Project Path="AutoOrganize.Test/AutoOrganize.Test.csproj" />
  <Project Path="AutoOrganize/AutoOrganize.csproj" />
  <Project Path="ViewModelRegistrationGenerator/ViewModelRegistrationGenerator.csproj" />
</Solution>
